github.com/aaaton/golem/v4 v4.0.0/go.mod h1:OfK/S5v9Exsx1yO21WorREuIVV+Y5K2hygP0A9oJCCI=
github.com/aaaton/golem/v4 v4.0.2 h1:m4FvpSL8Zcv7XjmrKiBP7dp5FzhPCji9FcQRcH6T23k=
github.com/aaaton/golem/v4 v4.0.2/go.mod h1:OfK/S5v9Exsx1yO21WorREuIVV+Y5K2hygP0A9oJCCI=
github.com/aaaton/golem/v4/dicts/en v1.0.1 h1:/BsOsh8JTgTkuevwM9axPnAi9CD4rK7TWHNdW/6V3Uo=
github.com/aaaton/golem/v4/dicts/en v1.0.1/go.mod h1:1YKRrQNng+KbS+peA7sj3TIa8eqR6T2UqdJ+Tc9xeoA=
github.com/chewxy/math32 v1.11.1 h1:b7PGHlp8KjylDoU8RrcEsRuGZhJuz8haxnKfuMMRqy8=
github.com/chewxy/math32 v1.11.1/go.mod h1:dOB2rcuFrCn6UHrze36WSLVPKtzPMRAQvBvUwkSsLqs=
github.com/lrstanley/x/text/corpse v0.0.0-20260117234740-5feb8aa461b0 h1:KwgaX2wxceDoyL5fbR5eEKC/knVNMsz1LLOnXGfKz+U=
github.com/lrstanley/x/text/corpse v0.0.0-20260117234740-5feb8aa461b0/go.mod h1:21FQhADEbNI7rSh/7mcHke+ScOiIzRJzMYmilcMBscU=
