github.com/chewxy/math32 v1.11.1 h1:b7PGHlp8KjylDoU8RrcEsRuGZhJuz8haxnKfuMMRqy8=
github.com/chewxy/math32 v1.11.1/go.mod h1:dOB2rcuFrCn6UHrze36WSLVPKtzPMRAQvBvUwkSsLqs=
github.com/kljensen/snowball v0.10.0 h1:8qgaBLraSuUVHtGH5tJ+VdGpqgfcaE2WkswL/C3nVhY=
github.com/kljensen/snowball v0.10.0/go.mod h1:bJcxtur1W5Qw4fVj9tk5W88zyRcGQQjqahFErdcDTHk=
github.com/lrstanley/x/text/corpse v0.0.0-20251025114418-c2ebecf480ef h1:6isoQGLUWpQoXb82za+4f5NI8KwYbCxwql75M0Cyeo8=
github.com/lrstanley/x/text/corpse v0.0.0-20251025114418-c2ebecf480ef/go.mod h1:21FQhADEbNI7rSh/7mcHke+ScOiIzRJzMYmilcMBscU=
