github.com/chewxy/math32 v1.11.2 h1:IufN08Zwr1NKuWfY+4Tz55BcwKmyKKNdOP7KtumehnM=
github.com/chewxy/math32 v1.11.2/go.mod h1:dOB2rcuFrCn6UHrze36WSLVPKtzPMRAQvBvUwkSsLqs=
github.com/lrstanley/x/sync v0.0.0-20260912030744-8b2b6a04d46b h1:tNI8BefbiiRLH/rspExvsiyh8/CgpSgzbz2pzNjU9fQ=
github.com/lrstanley/x/sync v0.0.0-20260912030744-8b2b6a04d46b/go.mod h1:ZKZnCxzOGaux/A2ihsAgFO6rcTRjirKZRolPLUwx3jY=
