github.com/chewxy/math32 v1.11.1 h1:b7PGHlp8KjylDoU8RrcEsRuGZhJuz8haxnKfuMMRqy8=
github.com/chewxy/math32 v1.11.1/go.mod h1:dOB2rcuFrCn6UHrze36WSLVPKtzPMRAQvBvUwkSsLqs=
github.com/lrstanley/x/sync v0.0.0-20260329002056-f641da78762c h1:w3unG8gh6ZE6AsydAH9lMRDhrEiGSU8BOYhebI77V4k=
github.com/lrstanley/x/sync v0.0.0-20260329002056-f641da78762c/go.mod h1:q71F0fHcGckHKcLWPLgD/monxNSFE+2bRJcMAiq7fGM=
